
Microsoft Visual Studio Solution File, Format Version 12.00
# Visual Studio Version 17
VisualStudioVersion = 17.1.32319.34
MinimumVisualStudioVersion = 10.0.40219.1
Project("{FAE04EC0-301F-11D3-BF4B-00C04F79EFBC}") = "ApiExample", "ApiExample\ApiExample.csproj", "{2CA6B724-1850-4068-90F9-39F50D90D8FF}"
EndProject
Global
	GlobalSection(SolutionConfigurationPlatforms) = preSolution
		Debug|Any CPU = Debug|Any CPU
		Release|Any CPU = Release|Any CPU
	EndGlobalSection
	GlobalSection(ProjectConfigurationPlatforms) = postSolution
		{2CA6B724-1850-4068-90F9-39F50D90D8FF}.Debug|Any CPU.ActiveCfg = Debug|Any CPU
		{2CA6B724-1850-4068-90F9-39F50D90D8FF}.Debug|Any CPU.Build.0 = Debug|Any CPU
		{2CA6B724-1850-4068-90F9-39F50D90D8FF}.Release|Any CPU.ActiveCfg = Release|Any CPU
		{2CA6B724-1850-4068-90F9-39F50D90D8FF}.Release|Any CPU.Build.0 = Release|Any CPU
	EndGlobalSection
	GlobalSection(SolutionProperties) = preSolution
		HideSolutionNode = FALSE
	EndGlobalSection
	GlobalSection(ExtensibilityGlobals) = postSolution
		SolutionGuid = {EFCE53AC-F4D7-4B0B-876C-354424FF9513}
	EndGlobalSection
EndGlobal
